# THIS IS AN AUTOGENERATED FILE. DO NOT EDIT THIS FILE DIRECTLY.
# yarn lockfile v1


papaparse@^5.0.1:
  version "5.0.1"
  resolved "https://registry.yarnpkg.com/papaparse/-/papaparse-5.0.1.tgz#5243710e5468e659e23c77db0e0b010912960c15"
  integrity sha512-LoM77aP/xSfZP645H3x1X0Qrf7klhGqHUfJH2KHIPvmB4uzezB/1bfvJKI0vp6zD5AfQF46J3URB7uz4Iqe0lg==
